{
  "version": 1,
  "dependencies": {
    ".NETStandard,Version=v2.0": {
      "BepInEx.Core": {
        "type": "Direct",
        "requested": "[5.4.19, )",
        "resolved": "5.4.19",
        "contentHash": "2/eY1qT2LaVO36G91LWo2yNLwmEEODKoC8IpePyA5WP2eGrrMvGxxLC9v4OPmX3IT8q1G4SYzKDL3ziZRQVUWg==",
        "dependencies": {
          "BepInEx.BaseLib": "5.4.19",
          "HarmonyX": "2.7.0"
        }
      },
      "NETStandard.Library": {
        "type": "Direct",
        "requested": "[2.0.3, )",
        "resolved": "2.0.3",
        "contentHash": "T3Tvf+Bc+efpe+Hs5R7WJ6LA1POzQvDGTdPvcSEZK/YvGc2GfcVapj2brHPG0jKwi7l3RNCTRgVRjBsfAbfznQ==",
        "dependencies": {
          "Microsoft.NETCore.Platforms": "1.1.0"
        }
      },
      "RiskOfRain2.GameLibs": {
        "type": "Direct",
        "requested": "[1.2.1-r.1, )",
        "resolved": "1.2.1-r.1",
        "contentHash": "lKMsvDsOlZo99hNc8ppjXFz5/iu8S2VGs6bnTjps+PEKyMF0AGWfv3q6Tv1VYY/wz1CGfdEnf9hBCBFtY7yHXQ=="
      },
      "UnityEngine.Modules": {
        "type": "Direct",
        "requested": "[2019.4.26, )",
        "resolved": "2019.4.26",
        "contentHash": "2d73AOFATaE0xsSY4qsK65CwT55e7g1myM7C5LMTdVRM57nAWpLWv8x/39uNHYjJQBnXqsQwsadk2H0xsyBsKA=="
      },
      "BepInEx.BaseLib": {
        "type": "Transitive",
        "resolved": "5.4.19",
        "contentHash": "gwP3NK0WL5E+U/L0FMrygiDDNzEL4TYnezy+S7ocbUUhkhty3ueG5BRsKdKdra/2R3vWopf42CoA+MnnEmSY+w=="
      },
      "HarmonyX": {
        "type": "Transitive",
        "resolved": "2.7.0",
        "contentHash": "lec/SkduQspMa3Pi/nM/NSvA84Za8HCCWA8ybdToKiTqnBZa+JC5g6rxoFQCg/1vNuYcvjy77edePZzIEsRmvw==",
        "dependencies": {
          "MonoMod.RuntimeDetour": "21.12.13.1",
          "System.Reflection.Emit": "4.7.0"
        }
      },
      "Microsoft.NETCore.Platforms": {
        "type": "Transitive",
        "resolved": "1.1.0",
        "contentHash": "kz0PEW2lhqygehI/d6XsPCQzD7ff7gUJaVGPVETX611eadGsA3A877GdSlU0LRVMCTH/+P3o2iDTak+S08V2+A=="
      },
      "Microsoft.NETCore.Targets": {
        "type": "Transitive",
        "resolved": "1.1.0",
        "contentHash": "aOZA3BWfz9RXjpzt0sRJJMjAscAUm3Hoa4UWAfceV9UTYxgwZ1lZt5nO2myFf+/jetYQo4uTP7zS8sJY67BBxg=="
      },
      "Mono.Cecil": {
        "type": "Transitive",
        "resolved": "0.11.4",
        "contentHash": "IC1h5g0NeJGHIUgzM1P82ld57knhP0IcQfrYITDPXlNpMYGUrsG5TxuaWTjaeqDNQMBDNZkB8L0rBnwsY6JHuQ=="
      },
      "MonoMod.RuntimeDetour": {
        "type": "Transitive",
        "resolved": "21.12.13.1",
        "contentHash": "65mB+bHjT6UCGCgO+/pYhpuGPf96rQ1Whwkut/x7cqVIW0DTndDFyWc/3bngzhnY/Y6IYtBMlXsU2ATq+CxpHg==",
        "dependencies": {
          "Mono.Cecil": "0.11.4",
          "MonoMod.Utils": "21.12.13.1",
          "System.Collections.NonGeneric": "4.3.0",
          "System.ComponentModel.TypeConverter": "4.3.0",
          "System.IO.FileSystem.Primitives": "4.3.0",
          "System.Reflection.Emit.ILGeneration": "4.7.0",
          "System.Reflection.Emit.Lightweight": "4.7.0",
          "System.Reflection.TypeExtensions": "4.7.0"
        }
      },
      "MonoMod.Utils": {
        "type": "Transitive",
        "resolved": "21.12.13.1",
        "contentHash": "/H+0RMWqx/D1/fSuY5jhY6GFvqhdYdlnI7J3IfL8P6y4nJkoZDxqts6+RxWWOz4pbnJdWnxSjS8XG+Lq6rUi7w==",
        "dependencies": {
          "Mono.Cecil": "0.11.4",
          "System.Collections.NonGeneric": "4.3.0",
          "System.ComponentModel.TypeConverter": "4.3.0",
          "System.IO.FileSystem.Primitives": "4.3.0",
          "System.Reflection.Emit.ILGeneration": "4.7.0",
          "System.Reflection.Emit.Lightweight": "4.7.0",
          "System.Reflection.TypeExtensions": "4.7.0"
        }
      },
      "System.Collections": {
        "type": "Transitive",
        "resolved": "4.3.0",
        "contentHash": "jKomVrBQBGh73RgzUvX901e5ZaG6uRrP9ujYvHPWU1jgH73hgfy74PIuVG67cm7yJ3Vg+qD0dOGKGouZ7k0xnQ==",
        "dependencies": {
          "Microsoft.NETCore.Platforms": "1.1.0",
          "Microsoft.NETCore.Targets": "1.1.0",
          "System.Runtime": "4.3.0"
        }
      },
      "System.Collections.NonGeneric": {
        "type": "Transitive",
        "resolved": "4.3.0",
        "contentHash": "CYKbG2oGxFybGQatnv4x+0Xb7vqdroQqkgcxp7sbWhtxlPqbLCC3J0yACYldoVvzUqOkKgRBwTusu8MfDYXJ3A==",
        "dependencies": {
          "System.Diagnostics.Debug": "4.3.0",
          "System.Globalization": "4.3.0",
          "System.Resources.ResourceManager": "4.3.0",
          "System.Runtime": "4.3.0",
          "System.Runtime.Extensions": "4.3.0",
          "System.Threading": "4.3.0"
        }
      },
      "System.Collections.Specialized": {
        "type": "Transitive",
        "resolved": "4.3.0",
        "contentHash": "BADR9vWVqkYLqU+iOveuq/HFCxWcP07iH9TL4vNAFXUXu5iAA/NjucFYhF1V8mSOxo+tvJQYmWrdnhvg3Oy+7A==",
        "dependencies": {
          "System.Collections.NonGeneric": "4.3.0",
          "System.Globalization": "4.3.0",
          "System.Globalization.Extensions": "4.3.0",
          "System.Resources.ResourceManager": "4.3.0",
          "System.Runtime": "4.3.0",
          "System.Runtime.Extensions": "4.3.0",
          "System.Threading": "4.3.0"
        }
      },
      "System.ComponentModel": {
        "type": "Transitive",
        "resolved": "4.3.0",
        "contentHash": "8wM2NkkHlDafR7x2g1L71Xx+dRJMGRuXDoGX7t6WHmfjVgO4BjFSrFni5+EAwh8R/eZ6baKAszRWuIK7jwQb+g==",
        "dependencies": {
          "System.Runtime": "4.3.0"
        }
      },
      "System.ComponentModel.Primitives": {
        "type": "Transitive",
        "resolved": "4.3.0",
        "contentHash": "w7Btb2kqTcx/APqZaeMgq38qOayMr186QoUI04ZCW+o88tU2kyI+Ue6e5Ta5HQYYQ6HArmSZ4EwmugSmJsjDJQ==",
        "dependencies": {
          "System.ComponentModel": "4.3.0",
          "System.Resources.ResourceManager": "4.3.0",
          "System.Runtime": "4.3.0"
        }
      },
      "System.ComponentModel.TypeConverter": {
        "type": "Transitive",
        "resolved": "4.3.0",
        "contentHash": "0Rm1/UG/i264p/oOcDy9uR2h7mpXAUBAv7np+NmlnFbygVAOAHtEdo6qce5Gy60pNtR78OSm3/dWP7anVMy9Bg==",
        "dependencies": {
          "System.Collections": "4.3.0",
          "System.Collections.NonGeneric": "4.3.0",
          "System.Collections.Specialized": "4.3.0",
          "System.ComponentModel": "4.3.0",
          "System.ComponentModel.Primitives": "4.3.0",
          "System.Globalization": "4.3.0",
          "System.Linq": "4.3.0",
          "System.Reflection": "4.3.0",
          "System.Reflection.Extensions": "4.3.0",
          "System.Reflection.Primitives": "4.3.0",
          "System.Reflection.TypeExtensions": "4.3.0",
          "System.Resources.ResourceManager": "4.3.0",
          "System.Runtime": "4.3.0",
          "System.Runtime.Extensions": "4.3.0",
          "System.Threading": "4.3.0"
        }
      },
      "System.Diagnostics.Debug": {
        "type": "Transitive",
        "resolved": "4.3.0",
        "contentHash": "1XNiWxGOS/fo56N6hUW7hJbmrGeRamxY7fJn9PhGOCVgRHj1y0L7xBc0RsjqXJvT367aXGviWzg+V9sU6F9zJQ==",
        "dependencies": {
          "Microsoft.NETCore.Platforms": "1.1.0",
          "Microsoft.NETCore.Targets": "1.1.0",
          "System.Runtime": "4.3.0"
        }
      },
      "System.Globalization": {
        "type": "Transitive",
        "resolved": "4.3.0",
        "contentHash": "yELp5YFhKfmeLinYqrxDsUmcm6H4EHeOigJnIlNvI/rY9q1V7nzatYft7pQQKgV7a+RsMQeqO+OJYbO9tbqC6w==",
        "dependencies": {
          "Microsoft.NETCore.Platforms": "1.1.0",
          "Microsoft.NETCore.Targets": "1.1.0",
          "System.Runtime": "4.3.0"
        }
      },
      "System.Globalization.Extensions": {
        "type": "Transitive",
        "resolved": "4.3.0",
        "contentHash": "KlvlXFEvlLiDtIrLFYZiMSRk4j4cN0/t9VJWRwQSO90TT736fk0gcvgVYgnSYFwYD0XR4gMTrLbNBj165BKrwg==",
        "dependencies": {
          "Microsoft.NETCore.Platforms": "1.1.0",
          "System.Globalization": "4.3.0",
          "System.Resources.ResourceManager": "4.3.0",
          "System.Runtime": "4.3.0",
          "System.Runtime.Extensions": "4.3.0",
          "System.Runtime.InteropServices": "4.3.0"
        }
      },
      "System.IO": {
        "type": "Transitive",
        "resolved": "4.3.0",
        "contentHash": "wiWT2NeWNjH42iYaqnkCamm0LogwYOrhbJ22hNeBGZmv+uLrF+Wd0s5xy9Z/Vgjz36S0jogcrQJBVJmghgY/XQ==",
        "dependencies": {
          "Microsoft.NETCore.Platforms": "1.1.0",
          "Microsoft.NETCore.Targets": "1.1.0",
          "System.Runtime": "4.3.0",
          "System.Text.Encoding": "4.3.0",
          "System.Threading.Tasks": "4.3.0"
        }
      },
      "System.IO.FileSystem.Primitives": {
        "type": "Transitive",
        "resolved": "4.3.0",
        "contentHash": "JGfY8IZk4Mgazkl3/pXgiBr9zKIHxwYcMyi2U6hTe+XzNUKkzwTBf/hMBCB6JH/GgjdmlnTE7HPQrrMGRzjUaQ==",
        "dependencies": {
          "System.Runtime": "4.3.0"
        }
      },
      "System.Linq": {
        "type": "Transitive",
        "resolved": "4.3.0",
        "contentHash": "M0EaF9qYXQtL3sQxTtvfSM+msPcmCwQT2KWlDCgGEdhGffpp/0dn0Wiyql+K5uYUGqGZJAIdTYwwoioIAOrDBg==",
        "dependencies": {
          "System.Collections": "4.3.0",
          "System.Diagnostics.Debug": "4.3.0",
          "System.Resources.ResourceManager": "4.3.0",
          "System.Runtime": "4.3.0",
          "System.Runtime.Extensions": "4.3.0"
        }
      },
      "System.Reflection": {
        "type": "Transitive",
        "resolved": "4.3.0",
        "contentHash": "fBxFXYFFtT1NLCEjI2dDLBUszi0d/zSs4vlB2qdgYPMUB2Ga4MjrCIO0mS7nGSxXiefXJfrfJY6nMgD/r48VQw==",
        "dependencies": {
          "Microsoft.NETCore.Platforms": "1.1.0",
          "Microsoft.NETCore.Targets": "1.1.0",
          "System.IO": "4.3.0",
          "System.Reflection.Primitives": "4.3.0",
          "System.Runtime": "4.3.0"
        }
      },
      "System.Reflection.Emit": {
        "type": "Transitive",
        "resolved": "4.7.0",
        "contentHash": "VR4kk8XLKebQ4MZuKuIni/7oh+QGFmZW3qORd1GvBq/8026OpW501SzT/oypwiQl4TvT8ErnReh/NzY9u+C6wQ==",
        "dependencies": {
          "System.Reflection.Emit.ILGeneration": "4.7.0"
        }
      },
      "System.Reflection.Emit.ILGeneration": {
        "type": "Transitive",
        "resolved": "4.7.0",
        "contentHash": "AucBYo3DSI0IDxdUjKksBcQJXPHyoPyrCXYURW1WDsLI4M65Ar/goSHjdnHOAY9MiYDNKqDlIgaYm+zL2hA1KA=="
      },
      "System.Reflection.Emit.Lightweight": {
        "type": "Transitive",
        "resolved": "4.7.0",
        "contentHash": "a4OLB4IITxAXJeV74MDx49Oq2+PsF6Sml54XAFv+2RyWwtDBcabzoxiiJRhdhx+gaohLh4hEGCLQyBozXoQPqA==",
        "dependencies": {
          "System.Reflection.Emit.ILGeneration": "4.7.0"
        }
      },
      "System.Reflection.Extensions": {
        "type": "Transitive",
        "resolved": "4.3.0",
        "contentHash": "IV2N975KFi7FHGJ0kvT3792HYWtYo2Xgd0vmzyRKAGhIubfmbnYBTx3s5CSV+NoegGtp6yWgcMcuzmVCYi4zvQ==",
        "dependencies": {
          "Microsoft.NETCore.Platforms": "1.1.0",
          "Microsoft.NETCore.Targets": "1.1.0",
          "System.Reflection": "4.3.0",
          "System.Runtime": "4.3.0"
        }
      },
      "System.Reflection.Primitives": {
        "type": "Transitive",
        "resolved": "4.3.0",
        "contentHash": "i9R3xqLMlm502oM5Z4CIsrK9z8NHoGcZXvla0aJf9PCmu2svg8wRJ8G0AlILG2i/KIX6bsuZbe+uFG34E+HTpw==",
        "dependencies": {
          "Microsoft.NETCore.Platforms": "1.1.0",
          "Microsoft.NETCore.Targets": "1.1.0",
          "System.Runtime": "4.3.0"
        }
      },
      "System.Reflection.TypeExtensions": {
        "type": "Transitive",
        "resolved": "4.7.0",
        "contentHash": "VybpaOQQhqE6siHppMktjfGBw1GCwvCqiufqmP8F1nj7fTUNtW35LOEt3UZTEsECfo+ELAl/9o9nJx3U91i7vA=="
      },
      "System.Resources.ResourceManager": {
        "type": "Transitive",
        "resolved": "4.3.0",
        "contentHash": "yTR+oXTMzGDiX4UsE9vo6LOGYL9X5ZkJJCetQg3Mz5nlvcsqXXtoNisNSsI+mQMIww2CLzNr0JpIpw7IPEwQSA==",
        "dependencies": {
          "Microsoft.NETCore.Platforms": "1.1.0",
          "Microsoft.NETCore.Targets": "1.1.0",
          "System.Globalization": "4.3.0",
          "System.Reflection": "4.3.0",
          "System.Runtime": "4.3.0"
        }
      },
      "System.Runtime": {
        "type": "Transitive",
        "resolved": "4.3.0",
        "contentHash": "JufQi0vPQ0xGnAczR13AUFglDyVYt4Kqnz1AZaiKZ5+GICq0/1MH/mO/eAJHt/mHW1zjKBJd7kV26SrxddAhiw==",
        "dependencies": {
          "Microsoft.NETCore.Platforms": "1.1.0",
          "Microsoft.NETCore.Targets": "1.1.0"
        }
      },
      "System.Runtime.Extensions": {
        "type": "Transitive",
        "resolved": "4.3.0",
        "contentHash": "guW0uK0fn5fcJJ1tJVXYd7/1h5F+pea1r7FLSOz/f8vPEqbR2ZAknuRDvTQ8PzAilDveOxNjSfr0CHfIQfFk8g==",
        "dependencies": {
          "Microsoft.NETCore.Platforms": "1.1.0",
          "Microsoft.NETCore.Targets": "1.1.0",
          "System.Runtime": "4.3.0"
        }
      },
      "System.Runtime.Handles": {
        "type": "Transitive",
        "resolved": "4.3.0",
        "contentHash": "UWSqwiUGUxLF/QI5X1kGTolvDOz7HS4hdu/VNaJSXC0XsryR00I8vAHGIS81n7Bqw8gJJgRbMjPSww1ZSSbGZg==",
        "dependencies": {
          "Microsoft.NETCore.Platforms": "1.1.0",
          "Microsoft.NETCore.Targets": "1.1.0",
          "System.Runtime": "4.3.0"
        }
      },
      "System.Runtime.InteropServices": {
        "type": "Transitive",
        "resolved": "4.3.0",
        "contentHash": "tG8nqeToLpcFy5TNpVF0HuJ3oJAAMEjh9/a/9LcfAJT0uZAsd7+ZSePngO2IPr5ZtisjtzPd0pcGRHdvT+jQAw==",
        "dependencies": {
          "Microsoft.NETCore.Platforms": "1.1.0",
          "Microsoft.NETCore.Targets": "1.1.0",
          "System.Reflection": "4.3.0",
          "System.Reflection.Primitives": "4.3.0",
          "System.Runtime": "4.3.0",
          "System.Runtime.Handles": "4.3.0"
        }
      },
      "System.Text.Encoding": {
        "type": "Transitive",
        "resolved": "4.3.0",
        "contentHash": "NU6aAutgWYYXFWf0H3sfNcIBUui8slWQHAgPeJN9RkBbHm3V9ns05ChsRWM3NXk6exvBJVWSrhRosY0IurTfog==",
        "dependencies": {
          "Microsoft.NETCore.Platforms": "1.1.0",
          "Microsoft.NETCore.Targets": "1.1.0",
          "System.Runtime": "4.3.0"
        }
      },
      "System.Threading": {
        "type": "Transitive",
        "resolved": "4.3.0",
        "contentHash": "l1mVkQyPFNsg2KgG64EuT6sGMG0Bg3MU5uuQAEvMVfixYlsIewYIgQD4KIyJAvyrLySaMm2mL3CvKf69bc806g==",
        "dependencies": {
          "System.Runtime": "4.3.0",
          "System.Threading.Tasks": "4.3.0"
        }
      },
      "System.Threading.Tasks": {
        "type": "Transitive",
        "resolved": "4.3.0",
        "contentHash": "iD6owKocvsalqdBxdIyw3KaaSATU712Ah1MVigNV+p5GFyoyYWtp0FLworQWHf832JAj1uOZK4t5+7pz+aaB6A==",
        "dependencies": {
          "Microsoft.NETCore.Platforms": "1.1.0",
          "Microsoft.NETCore.Targets": "1.1.0",
          "System.Runtime": "4.3.0"
        }
      }
    }
  }
}