
Microsoft Visual Studio Solution File, Format Version 12.00
# Visual Studio Version 16
VisualStudioVersion = 16.0.29306.81
MinimumVisualStudioVersion = 10.0.40219.1
Project("{9A19103F-16F7-4668-BE54-9A1E7A4F7556}") = "RoR2Cheats", "RoR2Cheats.csproj", "{38FD0DD5-5D4F-424B-9590-2DB309099D17}"
EndProject
Global
	GlobalSection(SolutionConfigurationPlatforms) = preSolution
		Debug|Any CPU = Debug|Any CPU
		OLDBEPIN|Any CPU = OLDBEPIN|Any CPU
		Release|Any CPU = Release|Any CPU
	EndGlobalSection
	GlobalSection(ProjectConfigurationPlatforms) = postSolution
		{38FD0DD5-5D4F-424B-9590-2DB309099D17}.Debug|Any CPU.ActiveCfg = Debug|Any CPU
		{38FD0DD5-5D4F-424B-9590-2DB309099D17}.Debug|Any CPU.Build.0 = Debug|Any CPU
		{38FD0DD5-5D4F-424B-9590-2DB309099D17}.OLDBEPIN|Any CPU.ActiveCfg = OLDBEPIN|Any CPU
		{38FD0DD5-5D4F-424B-9590-2DB309099D17}.OLDBEPIN|Any CPU.Build.0 = OLDBEPIN|Any CPU
		{38FD0DD5-5D4F-424B-9590-2DB309099D17}.Release|Any CPU.ActiveCfg = Release|Any CPU
		{38FD0DD5-5D4F-424B-9590-2DB309099D17}.Release|Any CPU.Build.0 = Release|Any CPU
	EndGlobalSection
	GlobalSection(SolutionProperties) = preSolution
		HideSolutionNode = FALSE
	EndGlobalSection
	GlobalSection(ExtensibilityGlobals) = postSolution
		SolutionGuid = {4BF56163-B166-429B-9C03-BD82980395F6}
	EndGlobalSection
EndGlobal
